
Microsoft Visual Studio Solution File, Format Version 12.00
# Visual Studio 15
VisualStudioVersion = 15.0.27428.2043
MinimumVisualStudioVersion = 10.0.40219.1
Project("{FAE04EC0-301F-11D3-BF4B-00C04F79EFBC}") = "Lands8.Android", "Lands8\Lands8.Android\Lands8.Android.csproj", "{C394821B-D41F-499E-A067-9A56395CB439}"
EndProject
Project("{FAE04EC0-301F-11D3-BF4B-00C04F79EFBC}") = "Lands8.iOS", "Lands8\Lands8.iOS\Lands8.iOS.csproj", "{44CB6402-FA05-4209-B1A0-121D02DC3A7D}"
EndProject
Project("{FAE04EC0-301F-11D3-BF4B-00C04F79EFBC}") = "Lands8", "Lands8\Lands8\Lands8.csproj", "{BFE3CD60-FFE5-4477-AE08-EDE8FDE46E90}"
EndProject
Project("{FAE04EC0-301F-11D3-BF4B-00C04F79EFBC}") = "Lands8.Backend", "Lands8.Backend\Lands8.Backend.csproj", "{C82AD85D-7F9A-4C01-9FCE-B8FAF96988D8}"
EndProject
Project("{FAE04EC0-301F-11D3-BF4B-00C04F79EFBC}") = "Lands8.Api", "Lands8.Api\Lands8.Api.csproj", "{EB43BA4B-ECCE-4543-A875-19623CFAC45F}"
EndProject
Project("{FAE04EC0-301F-11D3-BF4B-00C04F79EFBC}") = "Lands8.Domain", "Lands8.Domain\Lands8.Domain.csproj", "{9C222D6E-7CA5-411F-A993-836B5A47E89D}"
EndProject
Global
	GlobalSection(SolutionConfigurationPlatforms) = preSolution
		Ad-Hoc|Any CPU = Ad-Hoc|Any CPU
		Ad-Hoc|iPhone = Ad-Hoc|iPhone
		Ad-Hoc|iPhoneSimulator = Ad-Hoc|iPhoneSimulator
		AppStore|Any CPU = AppStore|Any CPU
		AppStore|iPhone = AppStore|iPhone
		AppStore|iPhoneSimulator = AppStore|iPhoneSimulator
		Debug|Any CPU = Debug|Any CPU
		Debug|iPhone = Debug|iPhone
		Debug|iPhoneSimulator = Debug|iPhoneSimulator
		Release|Any CPU = Release|Any CPU
		Release|iPhone = Release|iPhone
		Release|iPhoneSimulator = Release|iPhoneSimulator
	EndGlobalSection
	GlobalSection(ProjectConfigurationPlatforms) = postSolution
		{C394821B-D41F-499E-A067-9A56395CB439}.Ad-Hoc|Any CPU.ActiveCfg = Release|Any CPU
		{C394821B-D41F-499E-A067-9A56395CB439}.Ad-Hoc|Any CPU.Build.0 = Release|Any CPU
		{C394821B-D41F-499E-A067-9A56395CB439}.Ad-Hoc|Any CPU.Deploy.0 = Release|Any CPU
		{C394821B-D41F-499E-A067-9A56395CB439}.Ad-Hoc|iPhone.ActiveCfg = Release|Any CPU
		{C394821B-D41F-499E-A067-9A56395CB439}.Ad-Hoc|iPhone.Build.0 = Release|Any CPU
		{C394821B-D41F-499E-A067-9A56395CB439}.Ad-Hoc|iPhone.Deploy.0 = Release|Any CPU
		{C394821B-D41F-499E-A067-9A56395CB439}.Ad-Hoc|iPhoneSimulator.ActiveCfg = Release|Any CPU
		{C394821B-D41F-499E-A067-9A56395CB439}.Ad-Hoc|iPhoneSimulator.Build.0 = Release|Any CPU
		{C394821B-D41F-499E-A067-9A56395CB439}.Ad-Hoc|iPhoneSimulator.Deploy.0 = Release|Any CPU
		{C394821B-D41F-499E-A067-9A56395CB439}.AppStore|Any CPU.ActiveCfg = Release|Any CPU
		{C394821B-D41F-499E-A067-9A56395CB439}.AppStore|Any CPU.Build.0 = Release|Any CPU
		{C394821B-D41F-499E-A067-9A56395CB439}.AppStore|Any CPU.Deploy.0 = Release|Any CPU
		{C394821B-D41F-499E-A067-9A56395CB439}.AppStore|iPhone.ActiveCfg = Release|Any CPU
		{C394821B-D41F-499E-A067-9A56395CB439}.AppStore|iPhone.Build.0 = Release|Any CPU
		{C394821B-D41F-499E-A067-9A56395CB439}.AppStore|iPhone.Deploy.0 = Release|Any CPU
		{C394821B-D41F-499E-A067-9A56395CB439}.AppStore|iPhoneSimulator.ActiveCfg = Release|Any CPU
		{C394821B-D41F-499E-A067-9A56395CB439}.AppStore|iPhoneSimulator.Build.0 = Release|Any CPU
		{C394821B-D41F-499E-A067-9A56395CB439}.AppStore|iPhoneSimulator.Deploy.0 = Release|Any CPU
		{C394821B-D41F-499E-A067-9A56395CB439}.Debug|Any CPU.ActiveCfg = Debug|Any CPU
		{C394821B-D41F-499E-A067-9A56395CB439}.Debug|Any CPU.Build.0 = Debug|Any CPU
		{C394821B-D41F-499E-A067-9A56395CB439}.Debug|Any CPU.Deploy.0 = Debug|Any CPU
		{C394821B-D41F-499E-A067-9A56395CB439}.Debug|iPhone.ActiveCfg = Debug|Any CPU
		{C394821B-D41F-499E-A067-9A56395CB439}.Debug|iPhone.Build.0 = Debug|Any CPU
		{C394821B-D41F-499E-A067-9A56395CB439}.Debug|iPhone.Deploy.0 = Debug|Any CPU
		{C394821B-D41F-499E-A067-9A56395CB439}.Debug|iPhoneSimulator.ActiveCfg = Debug|Any CPU
		{C394821B-D41F-499E-A067-9A56395CB439}.Debug|iPhoneSimulator.Build.0 = Debug|Any CPU
		{C394821B-D41F-499E-A067-9A56395CB439}.Debug|iPhoneSimulator.Deploy.0 = Debug|Any CPU
		{C394821B-D41F-499E-A067-9A56395CB439}.Release|Any CPU.ActiveCfg = Release|Any CPU
		{C394821B-D41F-499E-A067-9A56395CB439}.Release|Any CPU.Build.0 = Release|Any CPU
		{C394821B-D41F-499E-A067-9A56395CB439}.Release|Any CPU.Deploy.0 = Release|Any CPU
		{C394821B-D41F-499E-A067-9A56395CB439}.Release|iPhone.ActiveCfg = Release|Any CPU
		{C394821B-D41F-499E-A067-9A56395CB439}.Release|iPhone.Build.0 = Release|Any CPU
		{C394821B-D41F-499E-A067-9A56395CB439}.Release|iPhone.Deploy.0 = Release|Any CPU
		{C394821B-D41F-499E-A067-9A56395CB439}.Release|iPhoneSimulator.ActiveCfg = Release|Any CPU
		{C394821B-D41F-499E-A067-9A56395CB439}.Release|iPhoneSimulator.Build.0 = Release|Any CPU
		{C394821B-D41F-499E-A067-9A56395CB439}.Release|iPhoneSimulator.Deploy.0 = Release|Any CPU
		{44CB6402-FA05-4209-B1A0-121D02DC3A7D}.Ad-Hoc|Any CPU.ActiveCfg = Ad-Hoc|iPhone
		{44CB6402-FA05-4209-B1A0-121D02DC3A7D}.Ad-Hoc|iPhone.ActiveCfg = Ad-Hoc|iPhone
		{44CB6402-FA05-4209-B1A0-121D02DC3A7D}.Ad-Hoc|iPhone.Build.0 = Ad-Hoc|iPhone
		{44CB6402-FA05-4209-B1A0-121D02DC3A7D}.Ad-Hoc|iPhoneSimulator.ActiveCfg = Ad-Hoc|iPhoneSimulator
		{44CB6402-FA05-4209-B1A0-121D02DC3A7D}.Ad-Hoc|iPhoneSimulator.Build.0 = Ad-Hoc|iPhoneSimulator
		{44CB6402-FA05-4209-B1A0-121D02DC3A7D}.AppStore|Any CPU.ActiveCfg = AppStore|iPhone
		{44CB6402-FA05-4209-B1A0-121D02DC3A7D}.AppStore|iPhone.ActiveCfg = AppStore|iPhone
		{44CB6402-FA05-4209-B1A0-121D02DC3A7D}.AppStore|iPhone.Build.0 = AppStore|iPhone
		{44CB6402-FA05-4209-B1A0-121D02DC3A7D}.AppStore|iPhoneSimulator.ActiveCfg = AppStore|iPhoneSimulator
		{44CB6402-FA05-4209-B1A0-121D02DC3A7D}.AppStore|iPhoneSimulator.Build.0 = AppStore|iPhoneSimulator
		{44CB6402-FA05-4209-B1A0-121D02DC3A7D}.Debug|Any CPU.ActiveCfg = Debug|iPhone
		{44CB6402-FA05-4209-B1A0-121D02DC3A7D}.Debug|iPhone.ActiveCfg = Debug|iPhone
		{44CB6402-FA05-4209-B1A0-121D02DC3A7D}.Debug|iPhone.Build.0 = Debug|iPhone
		{44CB6402-FA05-4209-B1A0-121D02DC3A7D}.Debug|iPhoneSimulator.ActiveCfg = Debug|iPhoneSimulator
		{44CB6402-FA05-4209-B1A0-121D02DC3A7D}.Debug|iPhoneSimulator.Build.0 = Debug|iPhoneSimulator
		{44CB6402-FA05-4209-B1A0-121D02DC3A7D}.Release|Any CPU.ActiveCfg = Release|iPhone
		{44CB6402-FA05-4209-B1A0-121D02DC3A7D}.Release|iPhone.ActiveCfg = Release|iPhone
		{44CB6402-FA05-4209-B1A0-121D02DC3A7D}.Release|iPhone.Build.0 = Release|iPhone
		{44CB6402-FA05-4209-B1A0-121D02DC3A7D}.Release|iPhoneSimulator.ActiveCfg = Release|iPhoneSimulator
		{44CB6402-FA05-4209-B1A0-121D02DC3A7D}.Release|iPhoneSimulator.Build.0 = Release|iPhoneSimulator
		{BFE3CD60-FFE5-4477-AE08-EDE8FDE46E90}.Ad-Hoc|Any CPU.ActiveCfg = Debug|Any CPU
		{BFE3CD60-FFE5-4477-AE08-EDE8FDE46E90}.Ad-Hoc|Any CPU.Build.0 = Debug|Any CPU
		{BFE3CD60-FFE5-4477-AE08-EDE8FDE46E90}.Ad-Hoc|iPhone.ActiveCfg = Debug|Any CPU
		{BFE3CD60-FFE5-4477-AE08-EDE8FDE46E90}.Ad-Hoc|iPhone.Build.0 = Debug|Any CPU
		{BFE3CD60-FFE5-4477-AE08-EDE8FDE46E90}.Ad-Hoc|iPhoneSimulator.ActiveCfg = Debug|Any CPU
		{BFE3CD60-FFE5-4477-AE08-EDE8FDE46E90}.Ad-Hoc|iPhoneSimulator.Build.0 = Debug|Any CPU
		{BFE3CD60-FFE5-4477-AE08-EDE8FDE46E90}.AppStore|Any CPU.ActiveCfg = Debug|Any CPU
		{BFE3CD60-FFE5-4477-AE08-EDE8FDE46E90}.AppStore|Any CPU.Build.0 = Debug|Any CPU
		{BFE3CD60-FFE5-4477-AE08-EDE8FDE46E90}.AppStore|iPhone.ActiveCfg = Debug|Any CPU
		{BFE3CD60-FFE5-4477-AE08-EDE8FDE46E90}.AppStore|iPhone.Build.0 = Debug|Any CPU
		{BFE3CD60-FFE5-4477-AE08-EDE8FDE46E90}.AppStore|iPhoneSimulator.ActiveCfg = Debug|Any CPU
		{BFE3CD60-FFE5-4477-AE08-EDE8FDE46E90}.AppStore|iPhoneSimulator.Build.0 = Debug|Any CPU
		{BFE3CD60-FFE5-4477-AE08-EDE8FDE46E90}.Debug|Any CPU.ActiveCfg = Debug|Any CPU
		{BFE3CD60-FFE5-4477-AE08-EDE8FDE46E90}.Debug|Any CPU.Build.0 = Debug|Any CPU
		{BFE3CD60-FFE5-4477-AE08-EDE8FDE46E90}.Debug|iPhone.ActiveCfg = Debug|Any CPU
		{BFE3CD60-FFE5-4477-AE08-EDE8FDE46E90}.Debug|iPhone.Build.0 = Debug|Any CPU
		{BFE3CD60-FFE5-4477-AE08-EDE8FDE46E90}.Debug|iPhoneSimulator.ActiveCfg = Debug|Any CPU
		{BFE3CD60-FFE5-4477-AE08-EDE8FDE46E90}.Debug|iPhoneSimulator.Build.0 = Debug|Any CPU
		{BFE3CD60-FFE5-4477-AE08-EDE8FDE46E90}.Release|Any CPU.ActiveCfg = Release|Any CPU
		{BFE3CD60-FFE5-4477-AE08-EDE8FDE46E90}.Release|Any CPU.Build.0 = Release|Any CPU
		{BFE3CD60-FFE5-4477-AE08-EDE8FDE46E90}.Release|iPhone.ActiveCfg = Release|Any CPU
		{BFE3CD60-FFE5-4477-AE08-EDE8FDE46E90}.Release|iPhone.Build.0 = Release|Any CPU
		{BFE3CD60-FFE5-4477-AE08-EDE8FDE46E90}.Release|iPhoneSimulator.ActiveCfg = Release|Any CPU
		{BFE3CD60-FFE5-4477-AE08-EDE8FDE46E90}.Release|iPhoneSimulator.Build.0 = Release|Any CPU
		{C82AD85D-7F9A-4C01-9FCE-B8FAF96988D8}.Ad-Hoc|Any CPU.ActiveCfg = Release|Any CPU
		{C82AD85D-7F9A-4C01-9FCE-B8FAF96988D8}.Ad-Hoc|Any CPU.Build.0 = Release|Any CPU
		{C82AD85D-7F9A-4C01-9FCE-B8FAF96988D8}.Ad-Hoc|iPhone.ActiveCfg = Release|Any CPU
		{C82AD85D-7F9A-4C01-9FCE-B8FAF96988D8}.Ad-Hoc|iPhone.Build.0 = Release|Any CPU
		{C82AD85D-7F9A-4C01-9FCE-B8FAF96988D8}.Ad-Hoc|iPhoneSimulator.ActiveCfg = Release|Any CPU
		{C82AD85D-7F9A-4C01-9FCE-B8FAF96988D8}.Ad-Hoc|iPhoneSimulator.Build.0 = Release|Any CPU
		{C82AD85D-7F9A-4C01-9FCE-B8FAF96988D8}.AppStore|Any CPU.ActiveCfg = Release|Any CPU
		{C82AD85D-7F9A-4C01-9FCE-B8FAF96988D8}.AppStore|Any CPU.Build.0 = Release|Any CPU
		{C82AD85D-7F9A-4C01-9FCE-B8FAF96988D8}.AppStore|iPhone.ActiveCfg = Release|Any CPU
		{C82AD85D-7F9A-4C01-9FCE-B8FAF96988D8}.AppStore|iPhone.Build.0 = Release|Any CPU
		{C82AD85D-7F9A-4C01-9FCE-B8FAF96988D8}.AppStore|iPhoneSimulator.ActiveCfg = Release|Any CPU
		{C82AD85D-7F9A-4C01-9FCE-B8FAF96988D8}.AppStore|iPhoneSimulator.Build.0 = Release|Any CPU
		{C82AD85D-7F9A-4C01-9FCE-B8FAF96988D8}.Debug|Any CPU.ActiveCfg = Debug|Any CPU
		{C82AD85D-7F9A-4C01-9FCE-B8FAF96988D8}.Debug|Any CPU.Build.0 = Debug|Any CPU
		{C82AD85D-7F9A-4C01-9FCE-B8FAF96988D8}.Debug|iPhone.ActiveCfg = Debug|Any CPU
		{C82AD85D-7F9A-4C01-9FCE-B8FAF96988D8}.Debug|iPhone.Build.0 = Debug|Any CPU
		{C82AD85D-7F9A-4C01-9FCE-B8FAF96988D8}.Debug|iPhoneSimulator.ActiveCfg = Debug|Any CPU
		{C82AD85D-7F9A-4C01-9FCE-B8FAF96988D8}.Debug|iPhoneSimulator.Build.0 = Debug|Any CPU
		{C82AD85D-7F9A-4C01-9FCE-B8FAF96988D8}.Release|Any CPU.ActiveCfg = Release|Any CPU
		{C82AD85D-7F9A-4C01-9FCE-B8FAF96988D8}.Release|Any CPU.Build.0 = Release|Any CPU
		{C82AD85D-7F9A-4C01-9FCE-B8FAF96988D8}.Release|iPhone.ActiveCfg = Release|Any CPU
		{C82AD85D-7F9A-4C01-9FCE-B8FAF96988D8}.Release|iPhone.Build.0 = Release|Any CPU
		{C82AD85D-7F9A-4C01-9FCE-B8FAF96988D8}.Release|iPhoneSimulator.ActiveCfg = Release|Any CPU
		{C82AD85D-7F9A-4C01-9FCE-B8FAF96988D8}.Release|iPhoneSimulator.Build.0 = Release|Any CPU
		{EB43BA4B-ECCE-4543-A875-19623CFAC45F}.Ad-Hoc|Any CPU.ActiveCfg = Release|Any CPU
		{EB43BA4B-ECCE-4543-A875-19623CFAC45F}.Ad-Hoc|Any CPU.Build.0 = Release|Any CPU
		{EB43BA4B-ECCE-4543-A875-19623CFAC45F}.Ad-Hoc|iPhone.ActiveCfg = Release|Any CPU
		{EB43BA4B-ECCE-4543-A875-19623CFAC45F}.Ad-Hoc|iPhone.Build.0 = Release|Any CPU
		{EB43BA4B-ECCE-4543-A875-19623CFAC45F}.Ad-Hoc|iPhoneSimulator.ActiveCfg = Release|Any CPU
		{EB43BA4B-ECCE-4543-A875-19623CFAC45F}.Ad-Hoc|iPhoneSimulator.Build.0 = Release|Any CPU
		{EB43BA4B-ECCE-4543-A875-19623CFAC45F}.AppStore|Any CPU.ActiveCfg = Release|Any CPU
		{EB43BA4B-ECCE-4543-A875-19623CFAC45F}.AppStore|Any CPU.Build.0 = Release|Any CPU
		{EB43BA4B-ECCE-4543-A875-19623CFAC45F}.AppStore|iPhone.ActiveCfg = Release|Any CPU
		{EB43BA4B-ECCE-4543-A875-19623CFAC45F}.AppStore|iPhone.Build.0 = Release|Any CPU
		{EB43BA4B-ECCE-4543-A875-19623CFAC45F}.AppStore|iPhoneSimulator.ActiveCfg = Release|Any CPU
		{EB43BA4B-ECCE-4543-A875-19623CFAC45F}.AppStore|iPhoneSimulator.Build.0 = Release|Any CPU
		{EB43BA4B-ECCE-4543-A875-19623CFAC45F}.Debug|Any CPU.ActiveCfg = Debug|Any CPU
		{EB43BA4B-ECCE-4543-A875-19623CFAC45F}.Debug|Any CPU.Build.0 = Debug|Any CPU
		{EB43BA4B-ECCE-4543-A875-19623CFAC45F}.Debug|iPhone.ActiveCfg = Debug|Any CPU
		{EB43BA4B-ECCE-4543-A875-19623CFAC45F}.Debug|iPhone.Build.0 = Debug|Any CPU
		{EB43BA4B-ECCE-4543-A875-19623CFAC45F}.Debug|iPhoneSimulator.ActiveCfg = Debug|Any CPU
		{EB43BA4B-ECCE-4543-A875-19623CFAC45F}.Debug|iPhoneSimulator.Build.0 = Debug|Any CPU
		{EB43BA4B-ECCE-4543-A875-19623CFAC45F}.Release|Any CPU.ActiveCfg = Release|Any CPU
		{EB43BA4B-ECCE-4543-A875-19623CFAC45F}.Release|Any CPU.Build.0 = Release|Any CPU
		{EB43BA4B-ECCE-4543-A875-19623CFAC45F}.Release|iPhone.ActiveCfg = Release|Any CPU
		{EB43BA4B-ECCE-4543-A875-19623CFAC45F}.Release|iPhone.Build.0 = Release|Any CPU
		{EB43BA4B-ECCE-4543-A875-19623CFAC45F}.Release|iPhoneSimulator.ActiveCfg = Release|Any CPU
		{EB43BA4B-ECCE-4543-A875-19623CFAC45F}.Release|iPhoneSimulator.Build.0 = Release|Any CPU
		{9C222D6E-7CA5-411F-A993-836B5A47E89D}.Ad-Hoc|Any CPU.ActiveCfg = Release|Any CPU
		{9C222D6E-7CA5-411F-A993-836B5A47E89D}.Ad-Hoc|Any CPU.Build.0 = Release|Any CPU
		{9C222D6E-7CA5-411F-A993-836B5A47E89D}.Ad-Hoc|iPhone.ActiveCfg = Release|Any CPU
		{9C222D6E-7CA5-411F-A993-836B5A47E89D}.Ad-Hoc|iPhone.Build.0 = Release|Any CPU
		{9C222D6E-7CA5-411F-A993-836B5A47E89D}.Ad-Hoc|iPhoneSimulator.ActiveCfg = Release|Any CPU
		{9C222D6E-7CA5-411F-A993-836B5A47E89D}.Ad-Hoc|iPhoneSimulator.Build.0 = Release|Any CPU
		{9C222D6E-7CA5-411F-A993-836B5A47E89D}.AppStore|Any CPU.ActiveCfg = Release|Any CPU
		{9C222D6E-7CA5-411F-A993-836B5A47E89D}.AppStore|Any CPU.Build.0 = Release|Any CPU
		{9C222D6E-7CA5-411F-A993-836B5A47E89D}.AppStore|iPhone.ActiveCfg = Release|Any CPU
		{9C222D6E-7CA5-411F-A993-836B5A47E89D}.AppStore|iPhone.Build.0 = Release|Any CPU
		{9C222D6E-7CA5-411F-A993-836B5A47E89D}.AppStore|iPhoneSimulator.ActiveCfg = Release|Any CPU
		{9C222D6E-7CA5-411F-A993-836B5A47E89D}.AppStore|iPhoneSimulator.Build.0 = Release|Any CPU
		{9C222D6E-7CA5-411F-A993-836B5A47E89D}.Debug|Any CPU.ActiveCfg = Debug|Any CPU
		{9C222D6E-7CA5-411F-A993-836B5A47E89D}.Debug|Any CPU.Build.0 = Debug|Any CPU
		{9C222D6E-7CA5-411F-A993-836B5A47E89D}.Debug|iPhone.ActiveCfg = Debug|Any CPU
		{9C222D6E-7CA5-411F-A993-836B5A47E89D}.Debug|iPhone.Build.0 = Debug|Any CPU
		{9C222D6E-7CA5-411F-A993-836B5A47E89D}.Debug|iPhoneSimulator.ActiveCfg = Debug|Any CPU
		{9C222D6E-7CA5-411F-A993-836B5A47E89D}.Debug|iPhoneSimulator.Build.0 = Debug|Any CPU
		{9C222D6E-7CA5-411F-A993-836B5A47E89D}.Release|Any CPU.ActiveCfg = Release|Any CPU
		{9C222D6E-7CA5-411F-A993-836B5A47E89D}.Release|Any CPU.Build.0 = Release|Any CPU
		{9C222D6E-7CA5-411F-A993-836B5A47E89D}.Release|iPhone.ActiveCfg = Release|Any CPU
		{9C222D6E-7CA5-411F-A993-836B5A47E89D}.Release|iPhone.Build.0 = Release|Any CPU
		{9C222D6E-7CA5-411F-A993-836B5A47E89D}.Release|iPhoneSimulator.ActiveCfg = Release|Any CPU
		{9C222D6E-7CA5-411F-A993-836B5A47E89D}.Release|iPhoneSimulator.Build.0 = Release|Any CPU
	EndGlobalSection
	GlobalSection(SolutionProperties) = preSolution
		HideSolutionNode = FALSE
	EndGlobalSection
	GlobalSection(ExtensibilityGlobals) = postSolution
		SolutionGuid = {CEE6C76B-FE72-4507-8B4C-124434458F89}
	EndGlobalSection
EndGlobal
